
Microsoft Visual Studio Solution File, Format Version 12.00
# Visual Studio Version 16
VisualStudioVersion = 16.0.30611.23
MinimumVisualStudioVersion = 10.0.40219.1
Project("{8BC9CEB8-8B4A-11D0-8D11-00A0C91BC942}") = "test1", "test1\test1.vcxproj", "{279DD8D9-181C-4F89-9F92-D96065C195CA}"
EndProject
Global
	GlobalSection(SolutionConfigurationPlatforms) = preSolution
		Debug|x64 = Debug|x64
		Debug|x86 = Debug|x86
		Release|x64 = Release|x64
		Release|x86 = Release|x86
	EndGlobalSection
	GlobalSection(ProjectConfigurationPlatforms) = postSolution
		{279DD8D9-181C-4F89-9F92-D96065C195CA}.Debug|x64.ActiveCfg = Debug|x64
		{279DD8D9-181C-4F89-9F92-D96065C195CA}.Debug|x64.Build.0 = Debug|x64
		{279DD8D9-181C-4F89-9F92-D96065C195CA}.Debug|x86.ActiveCfg = Debug|Win32
		{279DD8D9-181C-4F89-9F92-D96065C195CA}.Debug|x86.Build.0 = Debug|Win32
		{279DD8D9-181C-4F89-9F92-D96065C195CA}.Release|x64.ActiveCfg = Release|x64
		{279DD8D9-181C-4F89-9F92-D96065C195CA}.Release|x64.Build.0 = Release|x64
		{279DD8D9-181C-4F89-9F92-D96065C195CA}.Release|x86.ActiveCfg = Release|Win32
		{279DD8D9-181C-4F89-9F92-D96065C195CA}.Release|x86.Build.0 = Release|Win32
	EndGlobalSection
	GlobalSection(SolutionProperties) = preSolution
		HideSolutionNode = FALSE
	EndGlobalSection
	GlobalSection(ExtensibilityGlobals) = postSolution
		SolutionGuid = {266B115F-F545-4067-B4EA-B386E7145683}
	EndGlobalSection
EndGlobal
